
Microsoft Visual Studio Solution File, Format Version 12.00
# Visual Studio Version 16
VisualStudioVersion = 16.0.31702.278
MinimumVisualStudioVersion = 10.0.40219.1
Project("{9A19103F-16F7-4668-BE54-9A1E7A4F7556}") = "Training", "Training\Training.csproj", "{A154F8E1-BADE-46A6-8970-99FD1EF7E431}"
EndProject
Project("{FAE04EC0-301F-11D3-BF4B-00C04F79EFBC}") = "Training.Console", "Training.Console\Training.Console.csproj", "{6C775916-B801-4D86-BAC8-B0371C989165}"
EndProject
Global
	GlobalSection(SolutionConfigurationPlatforms) = preSolution
		Debug|Any CPU = Debug|Any CPU
		Release|Any CPU = Release|Any CPU
	EndGlobalSection
	GlobalSection(ProjectConfigurationPlatforms) = postSolution
		{A154F8E1-BADE-46A6-8970-99FD1EF7E431}.Debug|Any CPU.ActiveCfg = Debug|Any CPU
		{A154F8E1-BADE-46A6-8970-99FD1EF7E431}.Debug|Any CPU.Build.0 = Debug|Any CPU
		{A154F8E1-BADE-46A6-8970-99FD1EF7E431}.Release|Any CPU.ActiveCfg = Release|Any CPU
		{A154F8E1-BADE-46A6-8970-99FD1EF7E431}.Release|Any CPU.Build.0 = Release|Any CPU
		{6C775916-B801-4D86-BAC8-B0371C989165}.Debug|Any CPU.ActiveCfg = Debug|Any CPU
		{6C775916-B801-4D86-BAC8-B0371C989165}.Debug|Any CPU.Build.0 = Debug|Any CPU
		{6C775916-B801-4D86-BAC8-B0371C989165}.Release|Any CPU.ActiveCfg = Release|Any CPU
		{6C775916-B801-4D86-BAC8-B0371C989165}.Release|Any CPU.Build.0 = Release|Any CPU
	EndGlobalSection
	GlobalSection(SolutionProperties) = preSolution
		HideSolutionNode = FALSE
	EndGlobalSection
	GlobalSection(ExtensibilityGlobals) = postSolution
		SolutionGuid = {33B795F9-B569-4C18-86AE-19352A1D2650}
	EndGlobalSection
EndGlobal
